// !$*UTF8*$!
{
	archiveVersion = 1;
	classes = {
	};
	objectVersion = 56;
	objects = {

/* Begin PBXBuildFile section */
		04942E0D2E20CC38005965CD /* AppDelegate.swift in Sources */ = {isa = PBXBuildFile; fileRef = 04942E0C2E20CC38005965CD /* AppDelegate.swift */; };
		04942E0F2E20CC38005965CD /* SceneDelegate.swift in Sources */ = {isa = PBXBuildFile; fileRef = 04942E0E2E20CC38005965CD /* SceneDelegate.swift */; };
		04942E112E20CC38005965CD /* ViewController.swift in Sources */ = {isa = PBXBuildFile; fileRef = 04942E102E20CC38005965CD /* ViewController.swift */; };
		04942E142E20CC38005965CD /* Main.storyboard in Resources */ = {isa = PBXBuildFile; fileRef = 04942E122E20CC38005965CD /* Main.storyboard */; };
		04942E162E20CC3A005965CD /* Assets.xcassets in Resources */ = {isa = PBXBuildFile; fileRef = 04942E152E20CC3A005965CD /* Assets.xcassets */; };
		04942E192E20CC3A005965CD /* LaunchScreen.storyboard in Resources */ = {isa = PBXBuildFile; fileRef = 04942E172E20CC3A005965CD /* LaunchScreen.storyboard */; };
		04942E242E20CC3A005965CD /* Example_AppTests.swift in Sources */ = {isa = PBXBuildFile; fileRef = 04942E232E20CC3A005965CD /* Example_AppTests.swift */; };
		04942E2E2E20CC3A005965CD /* Example_AppUITests.swift in Sources */ = {isa = PBXBuildFile; fileRef = 04942E2D2E20CC3A005965CD /* Example_AppUITests.swift */; };
		04942E302E20CC3A005965CD /* Example_AppUITestsLaunchTests.swift in Sources */ = {isa = PBXBuildFile; fileRef = 04942E2F2E20CC3A005965CD /* Example_AppUITestsLaunchTests.swift */; };
/* End PBXBuildFile section */

/* Begin PBXContainerItemProxy section */
		04942E202E20CC3A005965CD /* PBXContainerItemProxy */ = {
			isa = PBXContainerItemProxy;
			containerPortal = 04942E012E20CC38005965CD /* Project object */;
			proxyType = 1;
			remoteGlobalIDString = 04942E082E20CC38005965CD;
			remoteInfo = "Example App";
		};
		04942E2A2E20CC3A005965CD /* PBXContainerItemProxy */ = {
			isa = PBXContainerItemProxy;
			containerPortal = 04942E012E20CC38005965CD /* Project object */;
			proxyType = 1;
			remoteGlobalIDString = 04942E082E20CC38005965CD;
			remoteInfo = "Example App";
		};
/* End PBXContainerItemProxy section */

/* Begin PBXFileReference section */
		04942E092E20CC38005965CD /* Example App.app */ = {isa = PBXFileReference; explicitFileType = wrapper.application; includeInIndex = 0; path = "Example App.app"; sourceTree = BUILT_PRODUCTS_DIR; };
		04942E0C2E20CC38005965CD /* AppDelegate.swift */ = {isa = PBXFileReference; lastKnownFileType = sourcecode.swift; path = AppDelegate.swift; sourceTree = "<group>"; };
		04942E0E2E20CC38005965CD /* SceneDelegate.swift */ = {isa = PBXFileReference; lastKnownFileType = sourcecode.swift; path = SceneDelegate.swift; sourceTree = "<group>"; };
		04942E102E20CC38005965CD /* ViewController.swift */ = {isa = PBXFileReference; lastKnownFileType = sourcecode.swift; path = ViewController.swift; sourceTree = "<group>"; };
		04942E132E20CC38005965CD /* Base */ = {isa = PBXFileReference; lastKnownFileType = file.storyboard; name = Base; path = Base.lproj/Main.storyboard; sourceTree = "<group>"; };
		04942E152E20CC3A005965CD /* Assets.xcassets */ = {isa = PBXFileReference; lastKnownFileType = folder.assetcatalog; path = Assets.xcassets; sourceTree = "<group>"; };
		04942E182E20CC3A005965CD /* Base */ = {isa = PBXFileReference; lastKnownFileType = file.storyboard; name = Base; path = Base.lproj/LaunchScreen.storyboard; sourceTree = "<group>"; };
		04942E1A2E20CC3A005965CD /* Info.plist */ = {isa = PBXFileReference; lastKnownFileType = text.plist.xml; path = Info.plist; sourceTree = "<group>"; };
		04942E1F2E20CC3A005965CD /* Example AppTests.xctest */ = {isa = PBXFileReference; explicitFileType = wrapper.cfbundle; includeInIndex = 0; path = "Example AppTests.xctest"; sourceTree = BUILT_PRODUCTS_DIR; };
		04942E232E20CC3A005965CD /* Example_AppTests.swift */ = {isa = PBXFileReference; lastKnownFileType = sourcecode.swift; path = Example_AppTests.swift; sourceTree = "<group>"; };
		04942E292E20CC3A005965CD /* Example AppUITests.xctest */ = {isa = PBXFileReference; explicitFileType = wrapper.cfbundle; includeInIndex = 0; path = "Example AppUITests.xctest"; sourceTree = BUILT_PRODUCTS_DIR; };
		04942E2D2E20CC3A005965CD /* Example_AppUITests.swift */ = {isa = PBXFileReference; lastKnownFileType = sourcecode.swift; path = Example_AppUITests.swift; sourceTree = "<group>"; };
		04942E2F2E20CC3A005965CD /* Example_AppUITestsLaunchTests.swift */ = {isa = PBXFileReference; lastKnownFileType = sourcecode.swift; path = Example_AppUITestsLaunchTests.swift; sourceTree = "<group>"; };
/* End PBXFileReference section */

/* Begin PBXFrameworksBuildPhase section */
		04942E062E20CC38005965CD /* Frameworks */ = {
			isa = PBXFrameworksBuildPhase;
			buildActionMask = 2147483647;
			files = (
			);
			runOnlyForDeploymentPostprocessing = 0;
		};
		04942E1C2E20CC3A005965CD /* Frameworks */ = {
			isa = PBXFrameworksBuildPhase;
			buildActionMask = 2147483647;
			files = (
			);
			runOnlyForDeploymentPostprocessing = 0;
		};
		04942E262E20CC3A005965CD /* Frameworks */ = {
			isa = PBXFrameworksBuildPhase;
			buildActionMask = 2147483647;
			files = (
			);
			runOnlyForDeploymentPostprocessing = 0;
		};
/* End PBXFrameworksBuildPhase section */

/* Begin PBXGroup section */
		04942E002E20CC38005965CD = {
			isa = PBXGroup;
			children = (
				04942E0B2E20CC38005965CD /* Example App */,
				04942E222E20CC3A005965CD /* Example AppTests */,
				04942E2C2E20CC3A005965CD /* Example AppUITests */,
				04942E0A2E20CC38005965CD /* Products */,
			);
			sourceTree = "<group>";
		};
		04942E0A2E20CC38005965CD /* Products */ = {
			isa = PBXGroup;
			children = (
				04942E092E20CC38005965CD /* Example App.app */,
				04942E1F2E20CC3A005965CD /* Example AppTests.xctest */,
				04942E292E20CC3A005965CD /* Example AppUITests.xctest */,
			);
			name = Products;
			sourceTree = "<group>";
		};
		04942E0B2E20CC38005965CD /* Example App */ = {
			isa = PBXGroup;
			children = (
				04942E0C2E20CC38005965CD /* AppDelegate.swift */,
				04942E0E2E20CC38005965CD /* SceneDelegate.swift */,
				04942E102E20CC38005965CD /* ViewController.swift */,
				04942E122E20CC38005965CD /* Main.storyboard */,
				04942E152E20CC3A005965CD /* Assets.xcassets */,
				04942E172E20CC3A005965CD /* LaunchScreen.storyboard */,
				04942E1A2E20CC3A005965CD /* Info.plist */,
			);
			path = "Example App";
			sourceTree = "<group>";
		};
		04942E222E20CC3A005965CD /* Example AppTests */ = {
			isa = PBXGroup;
			children = (
				04942E232E20CC3A005965CD /* Example_AppTests.swift */,
			);
			path = "Example AppTests";
			sourceTree = "<group>";
		};
		04942E2C2E20CC3A005965CD /* Example AppUITests */ = {
			isa = PBXGroup;
			children = (
				04942E2D2E20CC3A005965CD /* Example_AppUITests.swift */,
				04942E2F2E20CC3A005965CD /* Example_AppUITestsLaunchTests.swift */,
			);
			path = "Example AppUITests";
			sourceTree = "<group>";
		};
/* End PBXGroup section */

/* Begin PBXNativeTarget section */
		04942E082E20CC38005965CD /* Example App */ = {
			isa = PBXNativeTarget;
			buildConfigurationList = 04942E332E20CC3A005965CD /* Build configuration list for PBXNativeTarget "Example App" */;
			buildPhases = (
				04942E052E20CC38005965CD /* Sources */,
				04942E062E20CC38005965CD /* Frameworks */,
				04942E072E20CC38005965CD /* Resources */,
			);
			buildRules = (
			);
			dependencies = (
			);
			name = "Example App";
			productName = "Example App";
			productReference = 04942E092E20CC38005965CD /* Example App.app */;
			productType = "com.apple.product-type.application";
		};
		04942E1E2E20CC3A005965CD /* Example AppTests */ = {
			isa = PBXNativeTarget;
			buildConfigurationList = 04942E362E20CC3A005965CD /* Build configuration list for PBXNativeTarget "Example AppTests" */;
			buildPhases = (
				04942E1B2E20CC3A005965CD /* Sources */,
				04942E1C2E20CC3A005965CD /* Frameworks */,
				04942E1D2E20CC3A005965CD /* Resources */,
			);
			buildRules = (
			);
			dependencies = (
				04942E212E20CC3A005965CD /* PBXTargetDependency */,
			);
			name = "Example AppTests";
			productName = "Example AppTests";
			productReference = 04942E1F2E20CC3A005965CD /* Example AppTests.xctest */;
			productType = "com.apple.product-type.bundle.unit-test";
		};
		04942E282E20CC3A005965CD /* Example AppUITests */ = {
			isa = PBXNativeTarget;
			buildConfigurationList = 04942E392E20CC3A005965CD /* Build configuration list for PBXNativeTarget "Example AppUITests" */;
			buildPhases = (
				04942E252E20CC3A005965CD /* Sources */,
				04942E262E20CC3A005965CD /* Frameworks */,
				04942E272E20CC3A005965CD /* Resources */,
			);
			buildRules = (
			);
			dependencies = (
				04942E2B2E20CC3A005965CD /* PBXTargetDependency */,
			);
			name = "Example AppUITests";
			productName = "Example AppUITests";
			productReference = 04942E292E20CC3A005965CD /* Example AppUITests.xctest */;
			productType = "com.apple.product-type.bundle.ui-testing";
		};
/* End PBXNativeTarget section */

/* Begin PBXProject section */
		04942E012E20CC38005965CD /* Project object */ = {
			isa = PBXProject;
			attributes = {
				BuildIndependentTargetsInParallel = 1;
				LastSwiftUpdateCheck = 1520;
				LastUpgradeCheck = 1520;
				TargetAttributes = {
					04942E082E20CC38005965CD = {
						CreatedOnToolsVersion = 15.2;
					};
					04942E1E2E20CC3A005965CD = {
						CreatedOnToolsVersion = 15.2;
						TestTargetID = 04942E082E20CC38005965CD;
					};
					04942E282E20CC3A005965CD = {
						CreatedOnToolsVersion = 15.2;
						TestTargetID = 04942E082E20CC38005965CD;
					};
				};
			};
			buildConfigurationList = 04942E042E20CC38005965CD /* Build configuration list for PBXProject "Example App" */;
			compatibilityVersion = "Xcode 14.0";
			developmentRegion = en;
			hasScannedForEncodings = 0;
			knownRegions = (
				en,
				Base,
			);
			mainGroup = 04942E002E20CC38005965CD;
			productRefGroup = 04942E0A2E20CC38005965CD /* Products */;
			projectDirPath = "";
			projectRoot = "";
			targets = (
				04942E082E20CC38005965CD /* Example App */,
				04942E1E2E20CC3A005965CD /* Example AppTests */,
				04942E282E20CC3A005965CD /* Example AppUITests */,
			);
		};
/* End PBXProject section */

/* Begin PBXResourcesBuildPhase section */
		04942E072E20CC38005965CD /* Resources */ = {
			isa = PBXResourcesBuildPhase;
			buildActionMask = 2147483647;
			files = (
				04942E192E20CC3A005965CD /* LaunchScreen.storyboard in Resources */,
				04942E162E20CC3A005965CD /* Assets.xcassets in Resources */,
				04942E142E20CC38005965CD /* Main.storyboard in Resources */,
			);
			runOnlyForDeploymentPostprocessing = 0;
		};
		04942E1D2E20CC3A005965CD /* Resources */ = {
			isa = PBXResourcesBuildPhase;
			buildActionMask = 2147483647;
			files = (
			);
			runOnlyForDeploymentPostprocessing = 0;
		};
		04942E272E20CC3A005965CD /* Resources */ = {
			isa = PBXResourcesBuildPhase;
			buildActionMask = 2147483647;
			files = (
			);
			runOnlyForDeploymentPostprocessing = 0;
		};
/* End PBXResourcesBuildPhase section */

/* Begin PBXSourcesBuildPhase section */
		04942E052E20CC38005965CD /* Sources */ = {
			isa = PBXSourcesBuildPhase;
			buildActionMask = 2147483647;
			files = (
				04942E112E20CC38005965CD /* ViewController.swift in Sources */,
				04942E0D2E20CC38005965CD /* AppDelegate.swift in Sources */,
				04942E0F2E20CC38005965CD /* SceneDelegate.swift in Sources */,
			);
			runOnlyForDeploymentPostprocessing = 0;
		};
		04942E1B2E20CC3A005965CD /* Sources */ = {
			isa = PBXSourcesBuildPhase;
			buildActionMask = 2147483647;
			files = (
				04942E242E20CC3A005965CD /* Example_AppTests.swift in Sources */,
			);
			runOnlyForDeploymentPostprocessing = 0;
		};
		04942E252E20CC3A005965CD /* Sources */ = {
			isa = PBXSourcesBuildPhase;
			buildActionMask = 2147483647;
			files = (
				04942E2E2E20CC3A005965CD /* Example_AppUITests.swift in Sources */,
				04942E302E20CC3A005965CD /* Example_AppUITestsLaunchTests.swift in Sources */,
			);
			runOnlyForDeploymentPostprocessing = 0;
		};
/* End PBXSourcesBuildPhase section */

/* Begin PBXTargetDependency section */
		04942E212E20CC3A005965CD /* PBXTargetDependency */ = {
			isa = PBXTargetDependency;
			target = 04942E082E20CC38005965CD /* Example App */;
			targetProxy = 04942E202E20CC3A005965CD /* PBXContainerItemProxy */;
		};
		04942E2B2E20CC3A005965CD /* PBXTargetDependency */ = {
			isa = PBXTargetDependency;
			target = 04942E082E20CC38005965CD /* Example App */;
			targetProxy = 04942E2A2E20CC3A005965CD /* PBXContainerItemProxy */;
		};
/* End PBXTargetDependency section */

/* Begin PBXVariantGroup section */
		04942E122E20CC38005965CD /* Main.storyboard */ = {
			isa = PBXVariantGroup;
			children = (
				04942E132E20CC38005965CD /* Base */,
			);
			name = Main.storyboard;
			sourceTree = "<group>";
		};
		04942E172E20CC3A005965CD /* LaunchScreen.storyboard */ = {
			isa = PBXVariantGroup;
			children = (
				04942E182E20CC3A005965CD /* Base */,
			);
			name = LaunchScreen.storyboard;
			sourceTree = "<group>";
		};
/* End PBXVariantGroup section */

/* Begin XCBuildConfiguration section */
		04942E312E20CC3A005965CD /* Debug */ = {
			isa = XCBuildConfiguration;
			buildSettings = {
				ALWAYS_SEARCH_USER_PATHS = NO;
				ASSETCATALOG_COMPILER_GENERATE_SWIFT_ASSET_SYMBOL_EXTENSIONS = YES;
				CLANG_ANALYZER_NONNULL = YES;
				CLANG_ANALYZER_NUMBER_OBJECT_CONVERSION = YES_AGGRESSIVE;
				CLANG_CXX_LANGUAGE_STANDARD = "gnu++20";
				CLANG_ENABLE_MODULES = YES;
				CLANG_ENABLE_OBJC_ARC = YES;
				CLANG_ENABLE_OBJC_WEAK = YES;
				CLANG_WARN_BLOCK_CAPTURE_AUTORELEASING = YES;
				CLANG_WARN_BOOL_CONVERSION = YES;
				CLANG_WARN_COMMA = YES;
				CLANG_WARN_CONSTANT_CONVERSION = YES;
				CLANG_WARN_DEPRECATED_OBJC_IMPLEMENTATIONS = YES;
				CLANG_WARN_DIRECT_OBJC_ISA_USAGE = YES_ERROR;
				CLANG_WARN_DOCUMENTATION_COMMENTS = YES;
				CLANG_WARN_EMPTY_BODY = YES;
				CLANG_WARN_ENUM_CONVERSION = YES;
				CLANG_WARN_INFINITE_RECURSION = YES;
				CLANG_WARN_INT_CONVERSION = YES;
				CLANG_WARN_NON_LITERAL_NULL_CONVERSION = YES;
				CLANG_WARN_OBJC_IMPLICIT_RETAIN_SELF = YES;
				CLANG_WARN_OBJC_LITERAL_CONVERSION = YES;
				CLANG_WARN_OBJC_ROOT_CLASS = YES_ERROR;
				CLANG_WARN_QUOTED_INCLUDE_IN_FRAMEWORK_HEADER = YES;
				CLANG_WARN_RANGE_LOOP_ANALYSIS = YES;
				CLANG_WARN_STRICT_PROTOTYPES = YES;
				CLANG_WARN_SUSPICIOUS_MOVE = YES;
				CLANG_WARN_UNGUARDED_AVAILABILITY = YES_AGGRESSIVE;
				CLANG_WARN_UNREACHABLE_CODE = YES;
				CLANG_WARN__DUPLICATE_METHOD_MATCH = YES;
				COPY_PHASE_STRIP = NO;
				DEBUG_INFORMATION_FORMAT = dwarf;
				ENABLE_STRICT_OBJC_MSGSEND = YES;
				ENABLE_TESTABILITY = YES;
				ENABLE_USER_SCRIPT_SANDBOXING = YES;
				GCC_C_LANGUAGE_STANDARD = gnu17;
				GCC_DYNAMIC_NO_PIC = NO;
				GCC_NO_COMMON_BLOCKS = YES;
				GCC_OPTIMIZATION_LEVEL = 0;
				GCC_PREPROCESSOR_DEFINITIONS = (
					"DEBUG=1",
					"$(inherited)",
				);
				GCC_WARN_64_TO_32_BIT_CONVERSION = YES;
				GCC_WARN_ABOUT_RETURN_TYPE = YES_ERROR;
				GCC_WARN_UNDECLARED_SELECTOR = YES;
				GCC_WARN_UNINITIALIZED_AUTOS = YES_AGGRESSIVE;
				GCC_WARN_UNUSED_FUNCTION = YES;
				GCC_WARN_UNUSED_VARIABLE = YES;
				IPHONEOS_DEPLOYMENT_TARGET = 17.2;
				LOCALIZATION_PREFERS_STRING_CATALOGS = YES;
				MTL_ENABLE_DEBUG_INFO = INCLUDE_SOURCE;
				MTL_FAST_MATH = YES;
				ONLY_ACTIVE_ARCH = YES;
				SDKROOT = iphoneos;
				SWIFT_ACTIVE_COMPILATION_CONDITIONS = "DEBUG $(inherited)";
				SWIFT_OPTIMIZATION_LEVEL = "-Onone";
			};
			name = Debug;
		};
		04942E322E20CC3A005965CD /* Release */ = {
			isa = XCBuildConfiguration;
			buildSettings = {
				ALWAYS_SEARCH_USER_PATHS = NO;
				ASSETCATALOG_COMPILER_GENERATE_SWIFT_ASSET_SYMBOL_EXTENSIONS = YES;
				CLANG_ANALYZER_NONNULL = YES;
				CLANG_ANALYZER_NUMBER_OBJECT_CONVERSION = YES_AGGRESSIVE;
				CLANG_CXX_LANGUAGE_STANDARD = "gnu++20";
				CLANG_ENABLE_MODULES = YES;
				CLANG_ENABLE_OBJC_ARC = YES;
				CLANG_ENABLE_OBJC_WEAK = YES;
				CLANG_WARN_BLOCK_CAPTURE_AUTORELEASING = YES;
				CLANG_WARN_BOOL_CONVERSION = YES;
				CLANG_WARN_COMMA = YES;
				CLANG_WARN_CONSTANT_CONVERSION = YES;
				CLANG_WARN_DEPRECATED_OBJC_IMPLEMENTATIONS = YES;
				CLANG_WARN_DIRECT_OBJC_ISA_USAGE = YES_ERROR;
				CLANG_WARN_DOCUMENTATION_COMMENTS = YES;
				CLANG_WARN_EMPTY_BODY = YES;
				CLANG_WARN_ENUM_CONVERSION = YES;
				CLANG_WARN_INFINITE_RECURSION = YES;
				CLANG_WARN_INT_CONVERSION = YES;
				CLANG_WARN_NON_LITERAL_NULL_CONVERSION = YES;
				CLANG_WARN_OBJC_IMPLICIT_RETAIN_SELF = YES;
				CLANG_WARN_OBJC_LITERAL_CONVERSION = YES;
				CLANG_WARN_OBJC_ROOT_CLASS = YES_ERROR;
				CLANG_WARN_QUOTED_INCLUDE_IN_FRAMEWORK_HEADER = YES;
				CLANG_WARN_RANGE_LOOP_ANALYSIS = YES;
				CLANG_WARN_STRICT_PROTOTYPES = YES;
				CLANG_WARN_SUSPICIOUS_MOVE = YES;
				CLANG_WARN_UNGUARDED_AVAILABILITY = YES_AGGRESSIVE;
				CLANG_WARN_UNREACHABLE_CODE = YES;
				CLANG_WARN__DUPLICATE_METHOD_MATCH = YES;
				COPY_PHASE_STRIP = NO;
				DEBUG_INFORMATION_FORMAT = "dwarf-with-dsym";
				ENABLE_NS_ASSERTIONS = NO;
				ENABLE_STRICT_OBJC_MSGSEND = YES;
				ENABLE_USER_SCRIPT_SANDBOXING = YES;
				GCC_C_LANGUAGE_STANDARD = gnu17;
				GCC_NO_COMMON_BLOCKS = YES;
				GCC_WARN_64_TO_32_BIT_CONVERSION = YES;
				GCC_WARN_ABOUT_RETURN_TYPE = YES_ERROR;
				GCC_WARN_UNDECLARED_SELECTOR = YES;
				GCC_WARN_UNINITIALIZED_AUTOS = YES_AGGRESSIVE;
				GCC_WARN_UNUSED_FUNCTION = YES;
				GCC_WARN_UNUSED_VARIABLE = YES;
				IPHONEOS_DEPLOYMENT_TARGET = 17.2;
				LOCALIZATION_PREFERS_STRING_CATALOGS = YES;
				MTL_ENABLE_DEBUG_INFO = NO;
				MTL_FAST_MATH = YES;
				SDKROOT = iphoneos;
				SWIFT_COMPILATION_MODE = wholemodule;
				VALIDATE_PRODUCT = YES;
			};
			name = Release;
		};
		04942E342E20CC3A005965CD /* Debug */ = {
			isa = XCBuildConfiguration;
			buildSettings = {
				ASSETCATALOG_COMPILER_APPICON_NAME = AppIcon;
				ASSETCATALOG_COMPILER_GLOBAL_ACCENT_COLOR_NAME = AccentColor;
				CODE_SIGN_STYLE = Automatic;
				CURRENT_PROJECT_VERSION = 1;
				DEVELOPMENT_TEAM = U275656J6V;
				GENERATE_INFOPLIST_FILE = YES;
				INFOPLIST_FILE = "Example App/Info.plist";
				INFOPLIST_KEY_UIApplicationSupportsIndirectInputEvents = YES;
				INFOPLIST_KEY_UILaunchStoryboardName = LaunchScreen;
				INFOPLIST_KEY_UIMainStoryboardFile = Main;
				INFOPLIST_KEY_UISupportedInterfaceOrientations_iPad = "UIInterfaceOrientationPortrait UIInterfaceOrientationPortraitUpsideDown UIInterfaceOrientationLandscapeLeft UIInterfaceOrientationLandscapeRight";
				INFOPLIST_KEY_UISupportedInterfaceOrientations_iPhone = "UIInterfaceOrientationPortrait UIInterfaceOrientationLandscapeLeft UIInterfaceOrientationLandscapeRight";
				LD_RUNPATH_SEARCH_PATHS = (
					"$(inherited)",
					"@executable_path/Frameworks",
				);
				MARKETING_VERSION = 1.0;
				PRODUCT_BUNDLE_IDENTIFIER = "com.MyApp.Example-App";
				PRODUCT_NAME = "$(TARGET_NAME)";
				SWIFT_EMIT_LOC_STRINGS = YES;
				SWIFT_VERSION = 5.0;
				TARGETED_DEVICE_FAMILY = "1,2";
			};
			name = Debug;
		};
		04942E352E20CC3A005965CD /* Release */ = {
			isa = XCBuildConfiguration;
			buildSettings = {
				ASSETCATALOG_COMPILER_APPICON_NAME = AppIcon;
				ASSETCATALOG_COMPILER_GLOBAL_ACCENT_COLOR_NAME = AccentColor;
				CODE_SIGN_STYLE = Automatic;
				CURRENT_PROJECT_VERSION = 1;
				DEVELOPMENT_TEAM = U275656J6V;
				GENERATE_INFOPLIST_FILE = YES;
				INFOPLIST_FILE = "Example App/Info.plist";
				INFOPLIST_KEY_UIApplicationSupportsIndirectInputEvents = YES;
				INFOPLIST_KEY_UILaunchStoryboardName = LaunchScreen;
				INFOPLIST_KEY_UIMainStoryboardFile = Main;
				INFOPLIST_KEY_UISupportedInterfaceOrientations_iPad = "UIInterfaceOrientationPortrait UIInterfaceOrientationPortraitUpsideDown UIInterfaceOrientationLandscapeLeft UIInterfaceOrientationLandscapeRight";
				INFOPLIST_KEY_UISupportedInterfaceOrientations_iPhone = "UIInterfaceOrientationPortrait UIInterfaceOrientationLandscapeLeft UIInterfaceOrientationLandscapeRight";
				LD_RUNPATH_SEARCH_PATHS = (
					"$(inherited)",
					"@executable_path/Frameworks",
				);
				MARKETING_VERSION = 1.0;
				PRODUCT_BUNDLE_IDENTIFIER = "com.MyApp.Example-App";
				PRODUCT_NAME = "$(TARGET_NAME)";
				SWIFT_EMIT_LOC_STRINGS = YES;
				SWIFT_VERSION = 5.0;
				TARGETED_DEVICE_FAMILY = "1,2";
			};
			name = Release;
		};
		04942E372E20CC3A005965CD /* Debug */ = {
			isa = XCBuildConfiguration;
			buildSettings = {
				ALWAYS_EMBED_SWIFT_STANDARD_LIBRARIES = YES;
				BUNDLE_LOADER = "$(TEST_HOST)";
				CODE_SIGN_STYLE = Automatic;
				CURRENT_PROJECT_VERSION = 1;
				DEVELOPMENT_TEAM = U275656J6V;
				GENERATE_INFOPLIST_FILE = YES;
				IPHONEOS_DEPLOYMENT_TARGET = 17.2;
				MARKETING_VERSION = 1.0;
				PRODUCT_BUNDLE_IDENTIFIER = "com.MyApp.Example-AppTests";
				PRODUCT_NAME = "$(TARGET_NAME)";
				SWIFT_EMIT_LOC_STRINGS = NO;
				SWIFT_VERSION = 5.0;
				TARGETED_DEVICE_FAMILY = "1,2";
				TEST_HOST = "$(BUILT_PRODUCTS_DIR)/Example App.app/$(BUNDLE_EXECUTABLE_FOLDER_PATH)/Example App";
			};
			name = Debug;
		};
		04942E382E20CC3A005965CD /* Release */ = {
			isa = XCBuildConfiguration;
			buildSettings = {
				ALWAYS_EMBED_SWIFT_STANDARD_LIBRARIES = YES;
				BUNDLE_LOADER = "$(TEST_HOST)";
				CODE_SIGN_STYLE = Automatic;
				CURRENT_PROJECT_VERSION = 1;
				DEVELOPMENT_TEAM = U275656J6V;
				GENERATE_INFOPLIST_FILE = YES;
				IPHONEOS_DEPLOYMENT_TARGET = 17.2;
				MARKETING_VERSION = 1.0;
				PRODUCT_BUNDLE_IDENTIFIER = "com.MyApp.Example-AppTests";
				PRODUCT_NAME = "$(TARGET_NAME)";
				SWIFT_EMIT_LOC_STRINGS = NO;
				SWIFT_VERSION = 5.0;
				TARGETED_DEVICE_FAMILY = "1,2";
				TEST_HOST = "$(BUILT_PRODUCTS_DIR)/Example App.app/$(BUNDLE_EXECUTABLE_FOLDER_PATH)/Example App";
			};
			name = Release;
		};
		04942E3A2E20CC3A005965CD /* Debug */ = {
			isa = XCBuildConfiguration;
			buildSettings = {
				ALWAYS_EMBED_SWIFT_STANDARD_LIBRARIES = YES;
				CODE_SIGN_STYLE = Automatic;
				CURRENT_PROJECT_VERSION = 1;
				DEVELOPMENT_TEAM = U275656J6V;
				GENERATE_INFOPLIST_FILE = YES;
				MARKETING_VERSION = 1.0;
				PRODUCT_BUNDLE_IDENTIFIER = "com.MyApp.Example-AppUITests";
				PRODUCT_NAME = "$(TARGET_NAME)";
				SWIFT_EMIT_LOC_STRINGS = NO;
				SWIFT_VERSION = 5.0;
				TARGETED_DEVICE_FAMILY = "1,2";
				TEST_TARGET_NAME = "Example App";
			};
			name = Debug;
		};
		04942E3B2E20CC3A005965CD /* Release */ = {
			isa = XCBuildConfiguration;
			buildSettings = {
				ALWAYS_EMBED_SWIFT_STANDARD_LIBRARIES = YES;
				CODE_SIGN_STYLE = Automatic;
				CURRENT_PROJECT_VERSION = 1;
				DEVELOPMENT_TEAM = U275656J6V;
				GENERATE_INFOPLIST_FILE = YES;
				MARKETING_VERSION = 1.0;
				PRODUCT_BUNDLE_IDENTIFIER = "com.MyApp.Example-AppUITests";
				PRODUCT_NAME = "$(TARGET_NAME)";
				SWIFT_EMIT_LOC_STRINGS = NO;
				SWIFT_VERSION = 5.0;
				TARGETED_DEVICE_FAMILY = "1,2";
				TEST_TARGET_NAME = "Example App";
			};
			name = Release;
		};
/* End XCBuildConfiguration section */

/* Begin XCConfigurationList section */
		04942E042E20CC38005965CD /* Build configuration list for PBXProject "Example App" */ = {
			isa = XCConfigurationList;
			buildConfigurations = (
				04942E312E20CC3A005965CD /* Debug */,
				04942E322E20CC3A005965CD /* Release */,
			);
			defaultConfigurationIsVisible = 0;
			defaultConfigurationName = Release;
		};
		04942E332E20CC3A005965CD /* Build configuration list for PBXNativeTarget "Example App" */ = {
			isa = XCConfigurationList;
			buildConfigurations = (
				04942E342E20CC3A005965CD /* Debug */,
				04942E352E20CC3A005965CD /* Release */,
			);
			defaultConfigurationIsVisible = 0;
			defaultConfigurationName = Release;
		};
		04942E362E20CC3A005965CD /* Build configuration list for PBXNativeTarget "Example AppTests" */ = {
			isa = XCConfigurationList;
			buildConfigurations = (
				04942E372E20CC3A005965CD /* Debug */,
				04942E382E20CC3A005965CD /* Release */,
			);
			defaultConfigurationIsVisible = 0;
			defaultConfigurationName = Release;
		};
		04942E392E20CC3A005965CD /* Build configuration list for PBXNativeTarget "Example AppUITests" */ = {
			isa = XCConfigurationList;
			buildConfigurations = (
				04942E3A2E20CC3A005965CD /* Debug */,
				04942E3B2E20CC3A005965CD /* Release */,
			);
			defaultConfigurationIsVisible = 0;
			defaultConfigurationName = Release;
		};
/* End XCConfigurationList section */
	};
	rootObject = 04942E012E20CC38005965CD /* Project object */;
}
